
Microsoft Visual Studio Solution File, Format Version 12.00
# Visual Studio Version 17
VisualStudioVersion = 17.6.33829.357
MinimumVisualStudioVersion = 10.0.40219.1
Project("{FAE04EC0-301F-11D3-BF4B-00C04F79EFBC}") = "Mastermind", "Mastermind.csproj", "{2E60DC8E-C9A1-4263-A423-3D07FB5D4D43}"
EndProject
Global
	GlobalSection(SolutionConfigurationPlatforms) = preSolution
		Debug|Any CPU = Debug|Any CPU
		Release|Any CPU = Release|Any CPU
	EndGlobalSection
	GlobalSection(ProjectConfigurationPlatforms) = postSolution
		{2E60DC8E-C9A1-4263-A423-3D07FB5D4D43}.Debug|Any CPU.ActiveCfg = Debug|Any CPU
		{2E60DC8E-C9A1-4263-A423-3D07FB5D4D43}.Debug|Any CPU.Build.0 = Debug|Any CPU
		{2E60DC8E-C9A1-4263-A423-3D07FB5D4D43}.Release|Any CPU.ActiveCfg = Release|Any CPU
		{2E60DC8E-C9A1-4263-A423-3D07FB5D4D43}.Release|Any CPU.Build.0 = Release|Any CPU
	EndGlobalSection
	GlobalSection(SolutionProperties) = preSolution
		HideSolutionNode = FALSE
	EndGlobalSection
	GlobalSection(ExtensibilityGlobals) = postSolution
		SolutionGuid = {B28F5BEB-1E40-4F36-86FC-9874BFE3E017}
	EndGlobalSection
EndGlobal
